Microsoft Visual Studio Solution File, Format Version 8.00
Project("{FAE04EC0-301F-11D3-BF4B-00C04F79EFBC}") = "Varan.FrameMaker", "Varan.FrameMaker.csproj", "{615E1139-B5FC-483C-871D-B4E4FB08E737}"
	ProjectSection(ProjectDependencies) = postProject
	EndProjectSection
EndProject
Global
	GlobalSection(SolutionConfiguration) = preSolution
		Debug = Debug
		Release = Release
	EndGlobalSection
	GlobalSection(ProjectConfiguration) = postSolution
		{615E1139-B5FC-483C-871D-B4E4FB08E737}.Debug.ActiveCfg = Debug|.NET
		{615E1139-B5FC-483C-871D-B4E4FB08E737}.Debug.Build.0 = Debug|.NET
		{615E1139-B5FC-483C-871D-B4E4FB08E737}.Release.ActiveCfg = Release|.NET
		{615E1139-B5FC-483C-871D-B4E4FB08E737}.Release.Build.0 = Release|.NET
	EndGlobalSection
	GlobalSection(ExtensibilityGlobals) = postSolution
	EndGlobalSection
	GlobalSection(ExtensibilityAddIns) = postSolution
	EndGlobalSection
EndGlobal
